
Microsoft Visual Studio Solution File, Format Version 12.00
# Visual Studio Version 17
VisualStudioVersion = 17.3.32825.248
MinimumVisualStudioVersion = 10.0.40219.1
Project("{9A19103F-16F7-4668-BE54-9A1E7A4F7556}") = "PNRPU_STUDY_PROJECTS_CS", "PNRPU_STUDY_PROJECTS_CS\PNRPU_STUDY_PROJECTS_CS.csproj", "{E55BC9A3-E29B-4BB2-9658-111CF3581E54}"
EndProject
Project("{9A19103F-16F7-4668-BE54-9A1E7A4F7556}") = "PNRPU_STUDY_PROJECTS_CS_TESTS", "PNRPU_STUDY_PROJECTS_CSTests\PNRPU_STUDY_PROJECTS_CS_TESTS.csproj", "{7D6EF7F0-8796-4377-B07F-E4FADBB2F11D}"
EndProject
Global
	GlobalSection(SolutionConfigurationPlatforms) = preSolution
		Debug|Any CPU = Debug|Any CPU
		Release|Any CPU = Release|Any CPU
	EndGlobalSection
	GlobalSection(ProjectConfigurationPlatforms) = postSolution
		{E55BC9A3-E29B-4BB2-9658-111CF3581E54}.Debug|Any CPU.ActiveCfg = Debug|Any CPU
		{E55BC9A3-E29B-4BB2-9658-111CF3581E54}.Debug|Any CPU.Build.0 = Debug|Any CPU
		{E55BC9A3-E29B-4BB2-9658-111CF3581E54}.Release|Any CPU.ActiveCfg = Release|Any CPU
		{E55BC9A3-E29B-4BB2-9658-111CF3581E54}.Release|Any CPU.Build.0 = Release|Any CPU
		{7D6EF7F0-8796-4377-B07F-E4FADBB2F11D}.Debug|Any CPU.ActiveCfg = Debug|Any CPU
		{7D6EF7F0-8796-4377-B07F-E4FADBB2F11D}.Debug|Any CPU.Build.0 = Debug|Any CPU
		{7D6EF7F0-8796-4377-B07F-E4FADBB2F11D}.Release|Any CPU.ActiveCfg = Release|Any CPU
		{7D6EF7F0-8796-4377-B07F-E4FADBB2F11D}.Release|Any CPU.Build.0 = Release|Any CPU
	EndGlobalSection
	GlobalSection(SolutionProperties) = preSolution
		HideSolutionNode = FALSE
	EndGlobalSection
	GlobalSection(ExtensibilityGlobals) = postSolution
		SolutionGuid = {DD7F4C18-B8E0-4BA0-A6B3-3AF71A21E63E}
	EndGlobalSection
EndGlobal
